
Microsoft Visual Studio Solution File, Format Version 12.00
# Visual Studio Version 17
VisualStudioVersion = 17.6.33815.320
MinimumVisualStudioVersion = 10.0.40219.1
Project("{9A19103F-16F7-4668-BE54-9A1E7A4F7556}") = "MusicBandApp", "ProjetoBandas\MusicBandApp.csproj", "{6E23E736-DD8A-4115-A15E-3B885DE90043}"
EndProject
Global
	GlobalSection(SolutionConfigurationPlatforms) = preSolution
		Debug|Any CPU = Debug|Any CPU
		Release|Any CPU = Release|Any CPU
	EndGlobalSection
	GlobalSection(ProjectConfigurationPlatforms) = postSolution
		{6E23E736-DD8A-4115-A15E-3B885DE90043}.Debug|Any CPU.ActiveCfg = Debug|Any CPU
		{6E23E736-DD8A-4115-A15E-3B885DE90043}.Debug|Any CPU.Build.0 = Debug|Any CPU
		{6E23E736-DD8A-4115-A15E-3B885DE90043}.Release|Any CPU.ActiveCfg = Release|Any CPU
		{6E23E736-DD8A-4115-A15E-3B885DE90043}.Release|Any CPU.Build.0 = Release|Any CPU
	EndGlobalSection
	GlobalSection(SolutionProperties) = preSolution
		HideSolutionNode = FALSE
	EndGlobalSection
	GlobalSection(ExtensibilityGlobals) = postSolution
		SolutionGuid = {98B8524B-CD8C-41AC-8D14-C6775B4FEFB7}
	EndGlobalSection
EndGlobal
