
Microsoft Visual Studio Solution File, Format Version 12.00
# Visual Studio Version 17
VisualStudioVersion = 17.8.34309.116
MinimumVisualStudioVersion = 10.0.40219.1
Project("{FAE04EC0-301F-11D3-BF4B-00C04F79EFBC}") = "SistemaDeTarefas", "SistemaDeTarefas\SistemaDeTarefas.csproj", "{6A7B74AC-2680-4118-97CA-11FDA6AD78C7}"
EndProject
Global
	GlobalSection(SolutionConfigurationPlatforms) = preSolution
		Debug|Any CPU = Debug|Any CPU
		Release|Any CPU = Release|Any CPU
	EndGlobalSection
	GlobalSection(ProjectConfigurationPlatforms) = postSolution
		{6A7B74AC-2680-4118-97CA-11FDA6AD78C7}.Debug|Any CPU.ActiveCfg = Debug|Any CPU
		{6A7B74AC-2680-4118-97CA-11FDA6AD78C7}.Debug|Any CPU.Build.0 = Debug|Any CPU
		{6A7B74AC-2680-4118-97CA-11FDA6AD78C7}.Release|Any CPU.ActiveCfg = Release|Any CPU
		{6A7B74AC-2680-4118-97CA-11FDA6AD78C7}.Release|Any CPU.Build.0 = Release|Any CPU
	EndGlobalSection
	GlobalSection(SolutionProperties) = preSolution
		HideSolutionNode = FALSE
	EndGlobalSection
	GlobalSection(ExtensibilityGlobals) = postSolution
		SolutionGuid = {06F24DED-47FF-4275-A0E8-4E6264C06A67}
	EndGlobalSection
EndGlobal
